// !$*UTF8*$!
{
	archiveVersion = 1;
	classes = {
	};
	objectVersion = 46;
	objects = {

/* Begin PBXBuildFile section */
		974ABA901DF4700C001AD2D1 /* AppDelegate.swift in Sources */ = {isa = PBXBuildFile; fileRef = 974ABA8F1DF4700C001AD2D1 /* AppDelegate.swift */; };
		974ABA921DF4700C001AD2D1 /* ViewController.swift in Sources */ = {isa = PBXBuildFile; fileRef = 974ABA911DF4700C001AD2D1 /* ViewController.swift */; };
		974ABA951DF4700C001AD2D1 /* Main.storyboard in Resources */ = {isa = PBXBuildFile; fileRef = 974ABA931DF4700C001AD2D1 /* Main.storyboard */; };
		974ABA971DF4700C001AD2D1 /* Assets.xcassets in Resources */ = {isa = PBXBuildFile; fileRef = 974ABA961DF4700C001AD2D1 /* Assets.xcassets */; };
		974ABA9A1DF4700C001AD2D1 /* LaunchScreen.storyboard in Resources */ = {isa = PBXBuildFile; fileRef = 974ABA981DF4700C001AD2D1 /* LaunchScreen.storyboard */; };
		974ABAA41DF47023001AD2D1 /* LGSimpleChat.swift in Sources */ = {isa = PBXBuildFile; fileRef = 974ABAA21DF47023001AD2D1 /* LGSimpleChat.swift */; };
		974ABAA51DF47023001AD2D1 /* License in Resources */ = {isa = PBXBuildFile; fileRef = 974ABAA31DF47023001AD2D1 /* License */; };
		974ABAA71DF47045001AD2D1 /* SwiftExampleViewController.swift in Sources */ = {isa = PBXBuildFile; fileRef = 974ABAA61DF47045001AD2D1 /* SwiftExampleViewController.swift */; };
		974ABAA91DF47089001AD2D1 /* Assigment.swift in Sources */ = {isa = PBXBuildFile; fileRef = 974ABAA81DF47089001AD2D1 /* Assigment.swift */; };
/* End PBXBuildFile section */

/* Begin PBXFileReference section */
		974ABA8C1DF4700C001AD2D1 /* iCarList-iOSAssignment-Chat.app */ = {isa = PBXFileReference; explicitFileType = wrapper.application; includeInIndex = 0; path = "iCarList-iOSAssignment-Chat.app"; sourceTree = BUILT_PRODUCTS_DIR; };
		974ABA8F1DF4700C001AD2D1 /* AppDelegate.swift */ = {isa = PBXFileReference; lastKnownFileType = sourcecode.swift; path = AppDelegate.swift; sourceTree = "<group>"; };
		974ABA911DF4700C001AD2D1 /* ViewController.swift */ = {isa = PBXFileReference; lastKnownFileType = sourcecode.swift; path = ViewController.swift; sourceTree = "<group>"; };
		974ABA941DF4700C001AD2D1 /* Base */ = {isa = PBXFileReference; lastKnownFileType = file.storyboard; name = Base; path = Base.lproj/Main.storyboard; sourceTree = "<group>"; };
		974ABA961DF4700C001AD2D1 /* Assets.xcassets */ = {isa = PBXFileReference; lastKnownFileType = folder.assetcatalog; path = Assets.xcassets; sourceTree = "<group>"; };
		974ABA991DF4700C001AD2D1 /* Base */ = {isa = PBXFileReference; lastKnownFileType = file.storyboard; name = Base; path = Base.lproj/LaunchScreen.storyboard; sourceTree = "<group>"; };
		974ABA9B1DF4700C001AD2D1 /* Info.plist */ = {isa = PBXFileReference; lastKnownFileType = text.plist.xml; path = Info.plist; sourceTree = "<group>"; };
		974ABAA21DF47023001AD2D1 /* LGSimpleChat.swift */ = {isa = PBXFileReference; fileEncoding = 4; lastKnownFileType = sourcecode.swift; path = LGSimpleChat.swift; sourceTree = "<group>"; };
		974ABAA31DF47023001AD2D1 /* License */ = {isa = PBXFileReference; fileEncoding = 4; lastKnownFileType = text; path = License; sourceTree = "<group>"; };
		974ABAA61DF47045001AD2D1 /* SwiftExampleViewController.swift */ = {isa = PBXFileReference; fileEncoding = 4; lastKnownFileType = sourcecode.swift; path = SwiftExampleViewController.swift; sourceTree = "<group>"; };
		974ABAA81DF47089001AD2D1 /* Assigment.swift */ = {isa = PBXFileReference; fileEncoding = 4; lastKnownFileType = sourcecode.swift; path = Assigment.swift; sourceTree = "<group>"; };
/* End PBXFileReference section */

/* Begin PBXFrameworksBuildPhase section */
		974ABA891DF4700C001AD2D1 /* Frameworks */ = {
			isa = PBXFrameworksBuildPhase;
			buildActionMask = 2147483647;
			files = (
			);
			runOnlyForDeploymentPostprocessing = 0;
		};
/* End PBXFrameworksBuildPhase section */

/* Begin PBXGroup section */
		974ABA831DF4700C001AD2D1 = {
			isa = PBXGroup;
			children = (
				974ABA8E1DF4700C001AD2D1 /* iCarList-iOSAssignment-Chat */,
				974ABA8D1DF4700C001AD2D1 /* Products */,
			);
			sourceTree = "<group>";
		};
		974ABA8D1DF4700C001AD2D1 /* Products */ = {
			isa = PBXGroup;
			children = (
				974ABA8C1DF4700C001AD2D1 /* iCarList-iOSAssignment-Chat.app */,
			);
			name = Products;
			sourceTree = "<group>";
		};
		974ABA8E1DF4700C001AD2D1 /* iCarList-iOSAssignment-Chat */ = {
			isa = PBXGroup;
			children = (
				974ABAA11DF47023001AD2D1 /* LGSimpleChat */,
				974ABA8F1DF4700C001AD2D1 /* AppDelegate.swift */,
				974ABA911DF4700C001AD2D1 /* ViewController.swift */,
				974ABA931DF4700C001AD2D1 /* Main.storyboard */,
				974ABA961DF4700C001AD2D1 /* Assets.xcassets */,
				974ABA981DF4700C001AD2D1 /* LaunchScreen.storyboard */,
				974ABA9B1DF4700C001AD2D1 /* Info.plist */,
				974ABAA81DF47089001AD2D1 /* Assigment.swift */,
			);
			path = "iCarList-iOSAssignment-Chat";
			sourceTree = "<group>";
		};
		974ABAA11DF47023001AD2D1 /* LGSimpleChat */ = {
			isa = PBXGroup;
			children = (
				974ABAA61DF47045001AD2D1 /* SwiftExampleViewController.swift */,
				974ABAA21DF47023001AD2D1 /* LGSimpleChat.swift */,
				974ABAA31DF47023001AD2D1 /* License */,
			);
			path = LGSimpleChat;
			sourceTree = "<group>";
		};
/* End PBXGroup section */

/* Begin PBXNativeTarget section */
		974ABA8B1DF4700C001AD2D1 /* iCarList-iOSAssignment-Chat */ = {
			isa = PBXNativeTarget;
			buildConfigurationList = 974ABA9E1DF4700C001AD2D1 /* Build configuration list for PBXNativeTarget "iCarList-iOSAssignment-Chat" */;
			buildPhases = (
				974ABA881DF4700C001AD2D1 /* Sources */,
				974ABA891DF4700C001AD2D1 /* Frameworks */,
				974ABA8A1DF4700C001AD2D1 /* Resources */,
			);
			buildRules = (
			);
			dependencies = (
			);
			name = "iCarList-iOSAssignment-Chat";
			productName = "iCarList-iOSAssignment-Chat";
			productReference = 974ABA8C1DF4700C001AD2D1 /* iCarList-iOSAssignment-Chat.app */;
			productType = "com.apple.product-type.application";
		};
/* End PBXNativeTarget section */

/* Begin PBXProject section */
		974ABA841DF4700C001AD2D1 /* Project object */ = {
			isa = PBXProject;
			attributes = {
				LastSwiftUpdateCheck = 0730;
				LastUpgradeCheck = 0730;
				ORGANIZATIONNAME = Faowzy;
				TargetAttributes = {
					974ABA8B1DF4700C001AD2D1 = {
						CreatedOnToolsVersion = 7.3.1;
					};
				};
			};
			buildConfigurationList = 974ABA871DF4700C001AD2D1 /* Build configuration list for PBXProject "iCarList-iOSAssignment-Chat" */;
			compatibilityVersion = "Xcode 3.2";
			developmentRegion = English;
			hasScannedForEncodings = 0;
			knownRegions = (
				en,
				Base,
			);
			mainGroup = 974ABA831DF4700C001AD2D1;
			productRefGroup = 974ABA8D1DF4700C001AD2D1 /* Products */;
			projectDirPath = "";
			projectRoot = "";
			targets = (
				974ABA8B1DF4700C001AD2D1 /* iCarList-iOSAssignment-Chat */,
			);
		};
/* End PBXProject section */

/* Begin PBXResourcesBuildPhase section */
		974ABA8A1DF4700C001AD2D1 /* Resources */ = {
			isa = PBXResourcesBuildPhase;
			buildActionMask = 2147483647;
			files = (
				974ABA9A1DF4700C001AD2D1 /* LaunchScreen.storyboard in Resources */,
				974ABA971DF4700C001AD2D1 /* Assets.xcassets in Resources */,
				974ABAA51DF47023001AD2D1 /* License in Resources */,
				974ABA951DF4700C001AD2D1 /* Main.storyboard in Resources */,
			);
			runOnlyForDeploymentPostprocessing = 0;
		};
/* End PBXResourcesBuildPhase section */

/* Begin PBXSourcesBuildPhase section */
		974ABA881DF4700C001AD2D1 /* Sources */ = {
			isa = PBXSourcesBuildPhase;
			buildActionMask = 2147483647;
			files = (
				974ABA921DF4700C001AD2D1 /* ViewController.swift in Sources */,
				974ABAA41DF47023001AD2D1 /* LGSimpleChat.swift in Sources */,
				974ABAA71DF47045001AD2D1 /* SwiftExampleViewController.swift in Sources */,
				974ABAA91DF47089001AD2D1 /* Assigment.swift in Sources */,
				974ABA901DF4700C001AD2D1 /* AppDelegate.swift in Sources */,
			);
			runOnlyForDeploymentPostprocessing = 0;
		};
/* End PBXSourcesBuildPhase section */

/* Begin PBXVariantGroup section */
		974ABA931DF4700C001AD2D1 /* Main.storyboard */ = {
			isa = PBXVariantGroup;
			children = (
				974ABA941DF4700C001AD2D1 /* Base */,
			);
			name = Main.storyboard;
			sourceTree = "<group>";
		};
		974ABA981DF4700C001AD2D1 /* LaunchScreen.storyboard */ = {
			isa = PBXVariantGroup;
			children = (
				974ABA991DF4700C001AD2D1 /* Base */,
			);
			name = LaunchScreen.storyboard;
			sourceTree = "<group>";
		};
/* End PBXVariantGroup section */

/* Begin XCBuildConfiguration section */
		974ABA9C1DF4700C001AD2D1 /* Debug */ = {
			isa = XCBuildConfiguration;
			buildSettings = {
				ALWAYS_SEARCH_USER_PATHS = NO;
				CLANG_ANALYZER_NONNULL = YES;
				CLANG_CXX_LANGUAGE_STANDARD = "gnu++0x";
				CLANG_CXX_LIBRARY = "libc++";
				CLANG_ENABLE_MODULES = YES;
				CLANG_ENABLE_OBJC_ARC = YES;
				CLANG_WARN_BOOL_CONVERSION = YES;
				CLANG_WARN_CONSTANT_CONVERSION = YES;
				CLANG_WARN_DIRECT_OBJC_ISA_USAGE = YES_ERROR;
				CLANG_WARN_EMPTY_BODY = YES;
				CLANG_WARN_ENUM_CONVERSION = YES;
				CLANG_WARN_INT_CONVERSION = YES;
				CLANG_WARN_OBJC_ROOT_CLASS = YES_ERROR;
				CLANG_WARN_UNREACHABLE_CODE = YES;
				CLANG_WARN__DUPLICATE_METHOD_MATCH = YES;
				"CODE_SIGN_IDENTITY[sdk=iphoneos*]" = "iPhone Developer";
				COPY_PHASE_STRIP = NO;
				DEBUG_INFORMATION_FORMAT = dwarf;
				ENABLE_STRICT_OBJC_MSGSEND = YES;
				ENABLE_TESTABILITY = YES;
				GCC_C_LANGUAGE_STANDARD = gnu99;
				GCC_DYNAMIC_NO_PIC = NO;
				GCC_NO_COMMON_BLOCKS = YES;
				GCC_OPTIMIZATION_LEVEL = 0;
				GCC_PREPROCESSOR_DEFINITIONS = (
					"DEBUG=1",
					"$(inherited)",
				);
				GCC_WARN_64_TO_32_BIT_CONVERSION = YES;
				GCC_WARN_ABOUT_RETURN_TYPE = YES_ERROR;
				GCC_WARN_UNDECLARED_SELECTOR = YES;
				GCC_WARN_UNINITIALIZED_AUTOS = YES_AGGRESSIVE;
				GCC_WARN_UNUSED_FUNCTION = YES;
				GCC_WARN_UNUSED_VARIABLE = YES;
				IPHONEOS_DEPLOYMENT_TARGET = 9.3;
				MTL_ENABLE_DEBUG_INFO = YES;
				ONLY_ACTIVE_ARCH = YES;
				SDKROOT = iphoneos;
				SWIFT_OPTIMIZATION_LEVEL = "-Onone";
			};
			name = Debug;
		};
		974ABA9D1DF4700C001AD2D1 /* Release */ = {
			isa = XCBuildConfiguration;
			buildSettings = {
				ALWAYS_SEARCH_USER_PATHS = NO;
				CLANG_ANALYZER_NONNULL = YES;
				CLANG_CXX_LANGUAGE_STANDARD = "gnu++0x";
				CLANG_CXX_LIBRARY = "libc++";
				CLANG_ENABLE_MODULES = YES;
				CLANG_ENABLE_OBJC_ARC = YES;
				CLANG_WARN_BOOL_CONVERSION = YES;
				CLANG_WARN_CONSTANT_CONVERSION = YES;
				CLANG_WARN_DIRECT_OBJC_ISA_USAGE = YES_ERROR;
				CLANG_WARN_EMPTY_BODY = YES;
				CLANG_WARN_ENUM_CONVERSION = YES;
				CLANG_WARN_INT_CONVERSION = YES;
				CLANG_WARN_OBJC_ROOT_CLASS = YES_ERROR;
				CLANG_WARN_UNREACHABLE_CODE = YES;
				CLANG_WARN__DUPLICATE_METHOD_MATCH = YES;
				"CODE_SIGN_IDENTITY[sdk=iphoneos*]" = "iPhone Developer";
				COPY_PHASE_STRIP = NO;
				DEBUG_INFORMATION_FORMAT = "dwarf-with-dsym";
				ENABLE_NS_ASSERTIONS = NO;
				ENABLE_STRICT_OBJC_MSGSEND = YES;
				GCC_C_LANGUAGE_STANDARD = gnu99;
				GCC_NO_COMMON_BLOCKS = YES;
				GCC_WARN_64_TO_32_BIT_CONVERSION = YES;
				GCC_WARN_ABOUT_RETURN_TYPE = YES_ERROR;
				GCC_WARN_UNDECLARED_SELECTOR = YES;
				GCC_WARN_UNINITIALIZED_AUTOS = YES_AGGRESSIVE;
				GCC_WARN_UNUSED_FUNCTION = YES;
				GCC_WARN_UNUSED_VARIABLE = YES;
				IPHONEOS_DEPLOYMENT_TARGET = 9.3;
				MTL_ENABLE_DEBUG_INFO = NO;
				SDKROOT = iphoneos;
				VALIDATE_PRODUCT = YES;
			};
			name = Release;
		};
		974ABA9F1DF4700C001AD2D1 /* Debug */ = {
			isa = XCBuildConfiguration;
			buildSettings = {
				ASSETCATALOG_COMPILER_APPICON_NAME = AppIcon;
				INFOPLIST_FILE = "iCarList-iOSAssignment-Chat/Info.plist";
				LD_RUNPATH_SEARCH_PATHS = "$(inherited) @executable_path/Frameworks";
				PRODUCT_BUNDLE_IDENTIFIER = "Faowzy.iCarList-iOSAssignment-Chat";
				PRODUCT_NAME = "$(TARGET_NAME)";
			};
			name = Debug;
		};
		974ABAA01DF4700C001AD2D1 /* Release */ = {
			isa = XCBuildConfiguration;
			buildSettings = {
				ASSETCATALOG_COMPILER_APPICON_NAME = AppIcon;
				INFOPLIST_FILE = "iCarList-iOSAssignment-Chat/Info.plist";
				LD_RUNPATH_SEARCH_PATHS = "$(inherited) @executable_path/Frameworks";
				PRODUCT_BUNDLE_IDENTIFIER = "Faowzy.iCarList-iOSAssignment-Chat";
				PRODUCT_NAME = "$(TARGET_NAME)";
			};
			name = Release;
		};
/* End XCBuildConfiguration section */

/* Begin XCConfigurationList section */
		974ABA871DF4700C001AD2D1 /* Build configuration list for PBXProject "iCarList-iOSAssignment-Chat" */ = {
			isa = XCConfigurationList;
			buildConfigurations = (
				974ABA9C1DF4700C001AD2D1 /* Debug */,
				974ABA9D1DF4700C001AD2D1 /* Release */,
			);
			defaultConfigurationIsVisible = 0;
			defaultConfigurationName = Release;
		};
		974ABA9E1DF4700C001AD2D1 /* Build configuration list for PBXNativeTarget "iCarList-iOSAssignment-Chat" */ = {
			isa = XCConfigurationList;
			buildConfigurations = (
				974ABA9F1DF4700C001AD2D1 /* Debug */,
				974ABAA01DF4700C001AD2D1 /* Release */,
			);
			defaultConfigurationIsVisible = 0;
		};
/* End XCConfigurationList section */
	};
	rootObject = 974ABA841DF4700C001AD2D1 /* Project object */;
}
